
Microsoft Visual Studio Solution File, Format Version 12.00
# Visual Studio 15
VisualStudioVersion = 15.0.26730.12
MinimumVisualStudioVersion = 10.0.40219.1
Project("{9A19103F-16F7-4668-BE54-9A1E7A4F7556}") = "IoTnxt.Example.Gateway", "IoTnxt.Example.Gateway\IoTnxt.Example.Gateway.csproj", "{646BD074-7D31-48BF-9B14-A97C84411064}"
EndProject
Global
	GlobalSection(SolutionConfigurationPlatforms) = preSolution
		Debug|Any CPU = Debug|Any CPU
		Release|Any CPU = Release|Any CPU
	EndGlobalSection
	GlobalSection(ProjectConfigurationPlatforms) = postSolution
		{646BD074-7D31-48BF-9B14-A97C84411064}.Debug|Any CPU.ActiveCfg = Debug|Any CPU
		{646BD074-7D31-48BF-9B14-A97C84411064}.Debug|Any CPU.Build.0 = Debug|Any CPU
		{646BD074-7D31-48BF-9B14-A97C84411064}.Release|Any CPU.ActiveCfg = Release|Any CPU
		{646BD074-7D31-48BF-9B14-A97C84411064}.Release|Any CPU.Build.0 = Release|Any CPU
	EndGlobalSection
	GlobalSection(SolutionProperties) = preSolution
		HideSolutionNode = FALSE
	EndGlobalSection
	GlobalSection(ExtensibilityGlobals) = postSolution
		SolutionGuid = {0824D330-0E5D-4A98-8378-DE9931E7C07D}
	EndGlobalSection
EndGlobal
